
Microsoft Visual Studio Solution File, Format Version 12.00
# Visual Studio Version 17
VisualStudioVersion = 17.4.33213.308
MinimumVisualStudioVersion = 10.0.40219.1
Project("{FAE04EC0-301F-11D3-BF4B-00C04F79EFBC}") = "Pikaquote", "Pikaquote\Pikaquote.csproj", "{01BBA14D-5E12-458B-82D8-41AD99742119}"
EndProject
Project("{FAE04EC0-301F-11D3-BF4B-00C04F79EFBC}") = "Pikaquote.Core", "Pikaquote.Core\Pikaquote.Core.csproj", "{D426B5E5-1D26-4A07-B08D-17C778E1923E}"
EndProject
Global
	GlobalSection(SolutionConfigurationPlatforms) = preSolution
		Debug|Any CPU = Debug|Any CPU
		Release|Any CPU = Release|Any CPU
	EndGlobalSection
	GlobalSection(ProjectConfigurationPlatforms) = postSolution
		{01BBA14D-5E12-458B-82D8-41AD99742119}.Debug|Any CPU.ActiveCfg = Debug|Any CPU
		{01BBA14D-5E12-458B-82D8-41AD99742119}.Debug|Any CPU.Build.0 = Debug|Any CPU
		{01BBA14D-5E12-458B-82D8-41AD99742119}.Release|Any CPU.ActiveCfg = Release|Any CPU
		{01BBA14D-5E12-458B-82D8-41AD99742119}.Release|Any CPU.Build.0 = Release|Any CPU
		{D426B5E5-1D26-4A07-B08D-17C778E1923E}.Debug|Any CPU.ActiveCfg = Debug|Any CPU
		{D426B5E5-1D26-4A07-B08D-17C778E1923E}.Debug|Any CPU.Build.0 = Debug|Any CPU
		{D426B5E5-1D26-4A07-B08D-17C778E1923E}.Release|Any CPU.ActiveCfg = Release|Any CPU
		{D426B5E5-1D26-4A07-B08D-17C778E1923E}.Release|Any CPU.Build.0 = Release|Any CPU
	EndGlobalSection
	GlobalSection(SolutionProperties) = preSolution
		HideSolutionNode = FALSE
	EndGlobalSection
	GlobalSection(ExtensibilityGlobals) = postSolution
		SolutionGuid = {CB1DBFB2-7E38-4A63-A5A7-A64283FC0E41}
	EndGlobalSection
EndGlobal
